
Microsoft Visual Studio Solution File, Format Version 12.00
# Visual Studio Version 17
VisualStudioVersion = 17.0.32014.148
MinimumVisualStudioVersion = 10.0.40219.1
Project("{FAE04EC0-301F-11D3-BF4B-00C04F79EFBC}") = "SuggestionAppUI", "SuggestionAppUI\SuggestionAppUI.csproj", "{B2BD7CBA-AB7E-4119-8311-6575BEDFDA96}"
EndProject
Project("{FAE04EC0-301F-11D3-BF4B-00C04F79EFBC}") = "SuggestionAppLibrary", "SuggestionAppLibrary\SuggestionAppLibrary.csproj", "{1BFE8323-651B-4F17-809A-376EB7C12954}"
EndProject
Global
	GlobalSection(SolutionConfigurationPlatforms) = preSolution
		Debug|Any CPU = Debug|Any CPU
		Release|Any CPU = Release|Any CPU
	EndGlobalSection
	GlobalSection(ProjectConfigurationPlatforms) = postSolution
		{B2BD7CBA-AB7E-4119-8311-6575BEDFDA96}.Debug|Any CPU.ActiveCfg = Debug|Any CPU
		{B2BD7CBA-AB7E-4119-8311-6575BEDFDA96}.Debug|Any CPU.Build.0 = Debug|Any CPU
		{B2BD7CBA-AB7E-4119-8311-6575BEDFDA96}.Release|Any CPU.ActiveCfg = Release|Any CPU
		{B2BD7CBA-AB7E-4119-8311-6575BEDFDA96}.Release|Any CPU.Build.0 = Release|Any CPU
		{1BFE8323-651B-4F17-809A-376EB7C12954}.Debug|Any CPU.ActiveCfg = Debug|Any CPU
		{1BFE8323-651B-4F17-809A-376EB7C12954}.Debug|Any CPU.Build.0 = Debug|Any CPU
		{1BFE8323-651B-4F17-809A-376EB7C12954}.Release|Any CPU.ActiveCfg = Release|Any CPU
		{1BFE8323-651B-4F17-809A-376EB7C12954}.Release|Any CPU.Build.0 = Release|Any CPU
	EndGlobalSection
	GlobalSection(SolutionProperties) = preSolution
		HideSolutionNode = FALSE
	EndGlobalSection
	GlobalSection(ExtensibilityGlobals) = postSolution
		SolutionGuid = {7550995F-7096-4D77-8F74-BF21FB190FBA}
	EndGlobalSection
EndGlobal
